
Microsoft Visual Studio Solution File, Format Version 12.00
# Visual Studio Version 16
VisualStudioVersion = 16.0.29403.142
MinimumVisualStudioVersion = 10.0.40219.1
Project("{FAE04EC0-301F-11D3-BF4B-00C04F79EFBC}") = "OOP1.tentaplugg", "OOP1.tentaplugg\OOP1.tentaplugg.csproj", "{236D08D6-7D47-438B-B8C5-F748BB16EB98}"
EndProject
Global
	GlobalSection(SolutionConfigurationPlatforms) = preSolution
		Debug|Any CPU = Debug|Any CPU
		Release|Any CPU = Release|Any CPU
	EndGlobalSection
	GlobalSection(ProjectConfigurationPlatforms) = postSolution
		{236D08D6-7D47-438B-B8C5-F748BB16EB98}.Debug|Any CPU.ActiveCfg = Debug|Any CPU
		{236D08D6-7D47-438B-B8C5-F748BB16EB98}.Debug|Any CPU.Build.0 = Debug|Any CPU
		{236D08D6-7D47-438B-B8C5-F748BB16EB98}.Release|Any CPU.ActiveCfg = Release|Any CPU
		{236D08D6-7D47-438B-B8C5-F748BB16EB98}.Release|Any CPU.Build.0 = Release|Any CPU
	EndGlobalSection
	GlobalSection(SolutionProperties) = preSolution
		HideSolutionNode = FALSE
	EndGlobalSection
	GlobalSection(ExtensibilityGlobals) = postSolution
		SolutionGuid = {63F29208-FD06-4A02-862B-9D34F8963F1D}
	EndGlobalSection
EndGlobal
